
Microsoft Visual Studio Solution File, Format Version 12.00
# Visual Studio 15
VisualStudioVersion = 15.0.27917.1
MinimumVisualStudioVersion = 10.0.40219.1
Project("{FAE04EC0-301F-11D3-BF4B-00C04F79EFBC}") = "AzureMLLibrary", "AzureMLLibrary\AzureMLLibrary.csproj", "{065F4472-2872-4D5C-B273-07FC0F364E12}"
EndProject
Project("{FAE04EC0-301F-11D3-BF4B-00C04F79EFBC}") = "ArnimalAPITest", "ArnimalAPITest\ArnimalAPITest.csproj", "{F5C6F5CB-ED10-421C-B27A-9EA9627C7F13}"
EndProject
Global
	GlobalSection(SolutionConfigurationPlatforms) = preSolution
		Debug|Any CPU = Debug|Any CPU
		Release|Any CPU = Release|Any CPU
	EndGlobalSection
	GlobalSection(ProjectConfigurationPlatforms) = postSolution
		{065F4472-2872-4D5C-B273-07FC0F364E12}.Debug|Any CPU.ActiveCfg = Debug|Any CPU
		{065F4472-2872-4D5C-B273-07FC0F364E12}.Debug|Any CPU.Build.0 = Debug|Any CPU
		{065F4472-2872-4D5C-B273-07FC0F364E12}.Release|Any CPU.ActiveCfg = Release|Any CPU
		{065F4472-2872-4D5C-B273-07FC0F364E12}.Release|Any CPU.Build.0 = Release|Any CPU
		{F5C6F5CB-ED10-421C-B27A-9EA9627C7F13}.Debug|Any CPU.ActiveCfg = Debug|Any CPU
		{F5C6F5CB-ED10-421C-B27A-9EA9627C7F13}.Debug|Any CPU.Build.0 = Debug|Any CPU
		{F5C6F5CB-ED10-421C-B27A-9EA9627C7F13}.Release|Any CPU.ActiveCfg = Release|Any CPU
		{F5C6F5CB-ED10-421C-B27A-9EA9627C7F13}.Release|Any CPU.Build.0 = Release|Any CPU
	EndGlobalSection
	GlobalSection(SolutionProperties) = preSolution
		HideSolutionNode = FALSE
	EndGlobalSection
	GlobalSection(ExtensibilityGlobals) = postSolution
		SolutionGuid = {8297327B-348C-47EE-8FFE-CF1D8CA348BD}
	EndGlobalSection
EndGlobal
